
Microsoft Visual Studio Solution File, Format Version 12.00
# Visual Studio Version 17
VisualStudioVersion = 17.9.34728.123
MinimumVisualStudioVersion = 10.0.40219.1
Project("{FAE04EC0-301F-11D3-BF4B-00C04F79EFBC}") = "LibraryManagement.Data", "LibraryManagement.Data\LibraryManagement.Data.csproj", "{B199751C-BFF0-4936-8520-F35C75F20312}"
EndProject
Project("{FAE04EC0-301F-11D3-BF4B-00C04F79EFBC}") = "Task1tests", "Task1tests\Task1tests.csproj", "{78DEFDE5-1AF3-4DB9-8272-D51075592584}"
EndProject
Global
	GlobalSection(SolutionConfigurationPlatforms) = preSolution
		Debug|Any CPU = Debug|Any CPU
		Release|Any CPU = Release|Any CPU
	EndGlobalSection
	GlobalSection(ProjectConfigurationPlatforms) = postSolution
		{B199751C-BFF0-4936-8520-F35C75F20312}.Debug|Any CPU.ActiveCfg = Debug|Any CPU
		{B199751C-BFF0-4936-8520-F35C75F20312}.Debug|Any CPU.Build.0 = Debug|Any CPU
		{B199751C-BFF0-4936-8520-F35C75F20312}.Release|Any CPU.ActiveCfg = Release|Any CPU
		{B199751C-BFF0-4936-8520-F35C75F20312}.Release|Any CPU.Build.0 = Release|Any CPU
		{78DEFDE5-1AF3-4DB9-8272-D51075592584}.Debug|Any CPU.ActiveCfg = Debug|Any CPU
		{78DEFDE5-1AF3-4DB9-8272-D51075592584}.Debug|Any CPU.Build.0 = Debug|Any CPU
		{78DEFDE5-1AF3-4DB9-8272-D51075592584}.Release|Any CPU.ActiveCfg = Release|Any CPU
		{78DEFDE5-1AF3-4DB9-8272-D51075592584}.Release|Any CPU.Build.0 = Release|Any CPU
	EndGlobalSection
	GlobalSection(SolutionProperties) = preSolution
		HideSolutionNode = FALSE
	EndGlobalSection
	GlobalSection(ExtensibilityGlobals) = postSolution
		SolutionGuid = {D2828298-494C-489C-BAD4-355968CF20D6}
	EndGlobalSection
EndGlobal
