
Microsoft Visual Studio Solution File, Format Version 12.00
Project("{FAE04EC0-301F-11D3-BF4B-00C04F79EFBC}") = "Task0", "Task0\Task0.csproj", "{D928EEA4-E3DB-4353-BB54-79519EEBAF8D}"
EndProject
Project("{FAE04EC0-301F-11D3-BF4B-00C04F79EFBC}") = "TestTask0", "TestTask0\TestTask0.csproj", "{10BBD60B-BBFD-47AD-B014-5534CD2B15AD}"
EndProject
Global
	GlobalSection(SolutionConfigurationPlatforms) = preSolution
		Debug|Any CPU = Debug|Any CPU
		Release|Any CPU = Release|Any CPU
	EndGlobalSection
	GlobalSection(ProjectConfigurationPlatforms) = postSolution
		{D928EEA4-E3DB-4353-BB54-79519EEBAF8D}.Debug|Any CPU.ActiveCfg = Debug|Any CPU
		{D928EEA4-E3DB-4353-BB54-79519EEBAF8D}.Debug|Any CPU.Build.0 = Debug|Any CPU
		{D928EEA4-E3DB-4353-BB54-79519EEBAF8D}.Release|Any CPU.ActiveCfg = Release|Any CPU
		{D928EEA4-E3DB-4353-BB54-79519EEBAF8D}.Release|Any CPU.Build.0 = Release|Any CPU
		{10BBD60B-BBFD-47AD-B014-5534CD2B15AD}.Debug|Any CPU.ActiveCfg = Debug|Any CPU
		{10BBD60B-BBFD-47AD-B014-5534CD2B15AD}.Debug|Any CPU.Build.0 = Debug|Any CPU
		{10BBD60B-BBFD-47AD-B014-5534CD2B15AD}.Release|Any CPU.ActiveCfg = Release|Any CPU
		{10BBD60B-BBFD-47AD-B014-5534CD2B15AD}.Release|Any CPU.Build.0 = Release|Any CPU
	EndGlobalSection
EndGlobal
